
Microsoft Visual Studio Solution File, Format Version 12.00
# Visual Studio 15
Project("{FAE04EC0-301F-11D3-BF4B-00C04F79EFBC}") = "UnityEngine.UI", "UnityEngine.UI.csproj", "{FBC2DED9-C0DF-1225-B036-586052E94BD6}"
EndProject
Project("{FAE04EC0-301F-11D3-BF4B-00C04F79EFBC}") = "Unity.AdaptivePerformance", "Unity.AdaptivePerformance.csproj", "{6AD76160-4DD0-C9A1-0CFA-FCC2DB1FFF69}"
EndProject
Project("{FAE04EC0-301F-11D3-BF4B-00C04F79EFBC}") = "UnityEngine.TestRunner", "UnityEngine.TestRunner.csproj", "{309DF308-4A93-60ED-0B4D-34DFCDBA04F3}"
EndProject
Project("{FAE04EC0-301F-11D3-BF4B-00C04F79EFBC}") = "Unity.VisualScripting.Flow", "Unity.VisualScripting.Flow.csproj", "{0B61A455-E144-4B47-4823-13A4F5CFC913}"
EndProject
Project("{FAE04EC0-301F-11D3-BF4B-00C04F79EFBC}") = "Unity.Mathematics", "Unity.Mathematics.csproj", "{7B7DEC3D-F82D-3EC3-F792-64E0ECF3697C}"
EndProject
Project("{FAE04EC0-301F-11D3-BF4B-00C04F79EFBC}") = "Unity.VisualScripting.State", "Unity.VisualScripting.State.csproj", "{A09C31F0-44CC-08C1-0E20-0CFE46CC7EEA}"
EndProject
Project("{FAE04EC0-301F-11D3-BF4B-00C04F79EFBC}") = "Unity.VisualScripting.Core", "Unity.VisualScripting.Core.csproj", "{EE276795-D31C-19F3-0529-645239A33C38}"
EndProject
Project("{FAE04EC0-301F-11D3-BF4B-00C04F79EFBC}") = "Unity.Burst", "Unity.Burst.csproj", "{3B4DCB8C-28C6-A9A8-D1BD-6ECDC79354A2}"
EndProject
Project("{FAE04EC0-301F-11D3-BF4B-00C04F79EFBC}") = "Unity.2D.Animation.Runtime", "Unity.2D.Animation.Runtime.csproj", "{47BBB12D-39E0-724A-F20E-69591B7FC504}"
EndProject
Project("{FAE04EC0-301F-11D3-BF4B-00C04F79EFBC}") = "Unity.TextMeshPro", "Unity.TextMeshPro.csproj", "{E577CAB6-1F29-97B7-7427-C98F23838325}"
EndProject
Project("{FAE04EC0-301F-11D3-BF4B-00C04F79EFBC}") = "Unity.Timeline", "Unity.Timeline.csproj", "{E4905A32-C0D8-42B0-49BB-946F624BF445}"
EndProject
Project("{FAE04EC0-301F-11D3-BF4B-00C04F79EFBC}") = "Unity.Notifications.Android", "Unity.Notifications.Android.csproj", "{C6A461D9-C250-EF06-DD19-8888C49559A8}"
EndProject
Project("{FAE04EC0-301F-11D3-BF4B-00C04F79EFBC}") = "Unity.2D.SpriteShape.Runtime", "Unity.2D.SpriteShape.Runtime.csproj", "{2037866B-AC6C-F3DE-9E15-8656D1868B20}"
EndProject
Project("{FAE04EC0-301F-11D3-BF4B-00C04F79EFBC}") = "Unity.Notifications.iOS", "Unity.Notifications.iOS.csproj", "{DE8B9FBB-42AF-65A7-4556-9005853C5845}"
EndProject
Project("{FAE04EC0-301F-11D3-BF4B-00C04F79EFBC}") = "Unity.2D.PixelPerfect", "Unity.2D.PixelPerfect.csproj", "{AC4347C6-BF3D-B3F8-FE99-E3B9C2037F4A}"
EndProject
Project("{FAE04EC0-301F-11D3-BF4B-00C04F79EFBC}") = "Unity.2D.Common.Runtime", "Unity.2D.Common.Runtime.csproj", "{ACE1B349-504D-6EBE-45FC-15EB7C583D1D}"
EndProject
Project("{FAE04EC0-301F-11D3-BF4B-00C04F79EFBC}") = "Unity.2D.IK.Runtime", "Unity.2D.IK.Runtime.csproj", "{E4789E23-A367-DE6B-7637-50CB7B7A2ED8}"
EndProject
Project("{FAE04EC0-301F-11D3-BF4B-00C04F79EFBC}") = "Unity.2D.Tilemap.Extras", "Unity.2D.Tilemap.Extras.csproj", "{0AD08D8F-3E04-AAA5-6C78-BE79A5AE68FD}"
EndProject
Project("{FAE04EC0-301F-11D3-BF4B-00C04F79EFBC}") = "Unity.Profiling.Core", "Unity.Profiling.Core.csproj", "{33007FAB-2DB9-F243-F89B-AA939AD52F46}"
EndProject
Project("{FAE04EC0-301F-11D3-BF4B-00C04F79EFBC}") = "Assembly-CSharp", "Assembly-CSharp.csproj", "{B7C4A23E-0E4E-3AF3-64A5-48B9DFE723A8}"
EndProject
Project("{FAE04EC0-301F-11D3-BF4B-00C04F79EFBC}") = "Unity.InternalAPIEngineBridge.001", "Unity.InternalAPIEngineBridge.001.csproj", "{BEA6A3DA-A32D-C60B-499E-7C9BD55AB678}"
EndProject
Project("{FAE04EC0-301F-11D3-BF4B-00C04F79EFBC}") = "Unity.Subsystem.Registration", "Unity.Subsystem.Registration.csproj", "{CE8DE28F-86E1-85B7-FA3D-B9D4CDE22BA6}"
EndProject
Project("{FAE04EC0-301F-11D3-BF4B-00C04F79EFBC}") = "Unity.PlasticSCM.Editor", "Unity.PlasticSCM.Editor.csproj", "{28C8F77E-7A2F-1454-37CE-97351A0E67C0}"
EndProject
Project("{FAE04EC0-301F-11D3-BF4B-00C04F79EFBC}") = "Unity.VisualScripting.Core.Editor", "Unity.VisualScripting.Core.Editor.csproj", "{A7A44E90-6159-07A4-37C1-7B4B821DEC2A}"
EndProject
Project("{FAE04EC0-301F-11D3-BF4B-00C04F79EFBC}") = "Unity.VisualScripting.Flow.Editor", "Unity.VisualScripting.Flow.Editor.csproj", "{F62DCFCF-E900-F17D-BA17-BFF295BCBBA8}"
EndProject
Project("{FAE04EC0-301F-11D3-BF4B-00C04F79EFBC}") = "Unity.VisualStudio.Editor", "Unity.VisualStudio.Editor.csproj", "{441976C1-5E7B-0572-6BD6-385FB3A3FD19}"
EndProject
Project("{FAE04EC0-301F-11D3-BF4B-00C04F79EFBC}") = "Unity.Timeline.Editor", "Unity.Timeline.Editor.csproj", "{CCAEA038-C561-6169-2F37-9732219E0450}"
EndProject
Project("{FAE04EC0-301F-11D3-BF4B-00C04F79EFBC}") = "Unity.VisualScripting.State.Editor", "Unity.VisualScripting.State.Editor.csproj", "{8196DD2A-C3F8-D444-E902-BBACDEE3CC6B}"
EndProject
Project("{FAE04EC0-301F-11D3-BF4B-00C04F79EFBC}") = "Unity.TextMeshPro.Editor", "Unity.TextMeshPro.Editor.csproj", "{EF1B7EAB-9A88-EDF2-44E7-5FAC417A371B}"
EndProject
Project("{FAE04EC0-301F-11D3-BF4B-00C04F79EFBC}") = "Unity.AdaptivePerformance.Simulator.Editor", "Unity.AdaptivePerformance.Simulator.Editor.csproj", "{C0E76391-F705-3B33-CC5E-41CA026846B2}"
EndProject
Project("{FAE04EC0-301F-11D3-BF4B-00C04F79EFBC}") = "Unity.2D.PixelPerfect.Editor", "Unity.2D.PixelPerfect.Editor.csproj", "{BCE3D9A7-E0E5-712B-C46B-1BEE31001B7D}"
EndProject
Project("{FAE04EC0-301F-11D3-BF4B-00C04F79EFBC}") = "Unity.2D.Animation.Editor", "Unity.2D.Animation.Editor.csproj", "{1F010660-5529-5FA9-B0CB-66D6C261F365}"
EndProject
Project("{FAE04EC0-301F-11D3-BF4B-00C04F79EFBC}") = "Unity.VisualScripting.SettingsProvider.Editor", "Unity.VisualScripting.SettingsProvider.Editor.csproj", "{C6B47A08-2B61-FFAC-71C1-F3E94393B163}"
EndProject
Project("{FAE04EC0-301F-11D3-BF4B-00C04F79EFBC}") = "Unity.2D.Psdimporter.Editor", "Unity.2D.Psdimporter.Editor.csproj", "{F92B2AC9-E5F1-E657-083A-B5FF70B14AEF}"
EndProject
Project("{FAE04EC0-301F-11D3-BF4B-00C04F79EFBC}") = "UnityEditor.TestRunner", "UnityEditor.TestRunner.csproj", "{4AF66B94-B4D0-2B3B-A46B-2C47FDB299EA}"
EndProject
Project("{FAE04EC0-301F-11D3-BF4B-00C04F79EFBC}") = "Unity.2D.Tilemap.Editor", "Unity.2D.Tilemap.Editor.csproj", "{655EB7FA-D5AC-75C8-172C-266C3D9DBDA9}"
EndProject
Project("{FAE04EC0-301F-11D3-BF4B-00C04F79EFBC}") = "Unity.Mobile.AndroidLogcat.Editor", "Unity.Mobile.AndroidLogcat.Editor.csproj", "{57D0285C-7163-AB51-0A1C-3DE6B7CB3C7A}"
EndProject
Project("{FAE04EC0-301F-11D3-BF4B-00C04F79EFBC}") = "Unity.Rider.Editor", "Unity.Rider.Editor.csproj", "{CAB735FD-2E3A-1A54-327B-0F0259603B26}"
EndProject
Project("{FAE04EC0-301F-11D3-BF4B-00C04F79EFBC}") = "Unity.2D.Path.Editor", "Unity.2D.Path.Editor.csproj", "{B2CBA0C5-D860-69B5-68DC-4D945AECF7DD}"
EndProject
Project("{FAE04EC0-301F-11D3-BF4B-00C04F79EFBC}") = "PsdPlugin", "PsdPlugin.csproj", "{99252E1B-9965-7537-CA59-5EB19E0028F4}"
EndProject
Project("{FAE04EC0-301F-11D3-BF4B-00C04F79EFBC}") = "Unity.2D.IK.Editor", "Unity.2D.IK.Editor.csproj", "{B1DDAEB4-497F-5FCA-1979-8D842E302ACB}"
EndProject
Project("{FAE04EC0-301F-11D3-BF4B-00C04F79EFBC}") = "Unity.2D.SpriteShape.Editor", "Unity.2D.SpriteShape.Editor.csproj", "{9B76938E-C24C-547D-64A7-DDF67981BE04}"
EndProject
Project("{FAE04EC0-301F-11D3-BF4B-00C04F79EFBC}") = "Unity.Burst.CodeGen", "Unity.Burst.CodeGen.csproj", "{38C403F9-E5D9-7CA1-6091-2D92312304C4}"
EndProject
Project("{FAE04EC0-301F-11D3-BF4B-00C04F79EFBC}") = "Unity.VSCode.Editor", "Unity.VSCode.Editor.csproj", "{187D1A7F-D439-B40F-6C75-F90003A6D98B}"
EndProject
Project("{FAE04EC0-301F-11D3-BF4B-00C04F79EFBC}") = "Unity.Notifications", "Unity.Notifications.csproj", "{309305AE-B6A1-448C-B81A-8C6046A14E0D}"
EndProject
Project("{FAE04EC0-301F-11D3-BF4B-00C04F79EFBC}") = "Unity.2D.Sprite.Editor", "Unity.2D.Sprite.Editor.csproj", "{98DAE49A-8EB0-7284-42BB-E940528F4B76}"
EndProject
Project("{FAE04EC0-301F-11D3-BF4B-00C04F79EFBC}") = "UnityEditor.UI", "UnityEditor.UI.csproj", "{21215C47-8AE2-EF18-6474-42F1609FAE7E}"
EndProject
Project("{FAE04EC0-301F-11D3-BF4B-00C04F79EFBC}") = "Unity.2D.Common.Editor", "Unity.2D.Common.Editor.csproj", "{6A67EC87-6449-379E-72AE-794D65EB0D61}"
EndProject
Project("{FAE04EC0-301F-11D3-BF4B-00C04F79EFBC}") = "Unity.CollabProxy.Editor", "Unity.CollabProxy.Editor.csproj", "{F82CC1FF-DD67-D020-B973-13F57FEE94D0}"
EndProject
Project("{FAE04EC0-301F-11D3-BF4B-00C04F79EFBC}") = "Unity.AdaptivePerformance.Editor", "Unity.AdaptivePerformance.Editor.csproj", "{0F7338EE-39DE-65A9-A36B-F076A4F726F3}"
EndProject
Project("{FAE04EC0-301F-11D3-BF4B-00C04F79EFBC}") = "Unity.Mathematics.Editor", "Unity.Mathematics.Editor.csproj", "{3E60DAD4-6AA0-C00E-7636-395B80B811FE}"
EndProject
Project("{FAE04EC0-301F-11D3-BF4B-00C04F79EFBC}") = "Unity.2D.Tilemap.Extras.Editor", "Unity.2D.Tilemap.Extras.Editor.csproj", "{45D7D98E-9E2A-6189-AD5D-837F13DEB30B}"
EndProject
Project("{FAE04EC0-301F-11D3-BF4B-00C04F79EFBC}") = "Unity.Burst.Editor", "Unity.Burst.Editor.csproj", "{650BF23F-FA50-1692-4E58-56D9C37CB337}"
EndProject
Project("{FAE04EC0-301F-11D3-BF4B-00C04F79EFBC}") = "Unity.InternalAPIEditorBridge.001", "Unity.InternalAPIEditorBridge.001.csproj", "{DFECA209-C9E2-D69B-EB1E-438A4029D752}"
EndProject
Project("{FAE04EC0-301F-11D3-BF4B-00C04F79EFBC}") = "Unity.VisualScripting.Shared.Editor", "Unity.VisualScripting.Shared.Editor.csproj", "{0AD83C62-AF6D-0478-FCCA-4E96F179C7A7}"
EndProject
Project("{FAE04EC0-301F-11D3-BF4B-00C04F79EFBC}") = "Unity.AdaptivePerformance.Simulator.Extension", "Unity.AdaptivePerformance.Simulator.Extension.csproj", "{86C65F30-553D-228D-1F5C-607A5B1CBEBA}"
EndProject
Project("{FAE04EC0-301F-11D3-BF4B-00C04F79EFBC}") = "Unity.AdaptivePerformance.UI.Editor", "Unity.AdaptivePerformance.UI.Editor.csproj", "{C6A9AD76-7E75-E19F-1690-1E51216D9E19}"
EndProject
Project("{FAE04EC0-301F-11D3-BF4B-00C04F79EFBC}") = "Unity.AdaptivePerformance.Profiler.Editor", "Unity.AdaptivePerformance.Profiler.Editor.csproj", "{CF1C7967-9475-3477-E956-B149EFAF0507}"
EndProject
Project("{FAE04EC0-301F-11D3-BF4B-00C04F79EFBC}") = "UnityEngine.UI", "UnityEngine.UI.Player.csproj", "{C4801041-2D02-823F-069F-456734E3A52C}"
EndProject
Project("{FAE04EC0-301F-11D3-BF4B-00C04F79EFBC}") = "Unity.AdaptivePerformance", "Unity.AdaptivePerformance.Player.csproj", "{58E41570-6BDC-D79E-3C69-68F1E06E19B9}"
EndProject
Project("{FAE04EC0-301F-11D3-BF4B-00C04F79EFBC}") = "UnityEngine.TestRunner", "UnityEngine.TestRunner.Player.csproj", "{CB00F374-001C-F5D6-F566-2DF091715474}"
EndProject
Project("{FAE04EC0-301F-11D3-BF4B-00C04F79EFBC}") = "Unity.VisualScripting.Flow", "Unity.VisualScripting.Flow.Player.csproj", "{6526393D-6E70-4BD6-537F-B8B0C3FC3551}"
EndProject
Project("{FAE04EC0-301F-11D3-BF4B-00C04F79EFBC}") = "Unity.Mathematics", "Unity.Mathematics.Player.csproj", "{47B7D033-9458-8957-2EA4-A30156C417B9}"
EndProject
Project("{FAE04EC0-301F-11D3-BF4B-00C04F79EFBC}") = "Unity.VisualScripting.State", "Unity.VisualScripting.State.Player.csproj", "{E6BEDEA8-D6EC-5345-F8F0-E1C4DDBB1EAE}"
EndProject
Project("{FAE04EC0-301F-11D3-BF4B-00C04F79EFBC}") = "Unity.VisualScripting.Core", "Unity.VisualScripting.Core.Player.csproj", "{23DBEA1F-A81F-C950-3277-4BEEDA0C6FB9}"
EndProject
Project("{FAE04EC0-301F-11D3-BF4B-00C04F79EFBC}") = "Unity.Burst", "Unity.Burst.Player.csproj", "{612CC6EA-F3A1-0D99-61A8-E3008A56EE7C}"
EndProject
Project("{FAE04EC0-301F-11D3-BF4B-00C04F79EFBC}") = "Unity.2D.Animation.Runtime", "Unity.2D.Animation.Runtime.Player.csproj", "{549260D3-6B61-D901-091A-D0FA6BC68F14}"
EndProject
Project("{FAE04EC0-301F-11D3-BF4B-00C04F79EFBC}") = "Unity.TextMeshPro", "Unity.TextMeshPro.Player.csproj", "{8090DA4A-F30B-71F8-146F-FB69DA36A866}"
EndProject
Project("{FAE04EC0-301F-11D3-BF4B-00C04F79EFBC}") = "Unity.Timeline", "Unity.Timeline.Player.csproj", "{275EE2B8-EFE4-C344-4839-FA9675B0BF5E}"
EndProject
Project("{FAE04EC0-301F-11D3-BF4B-00C04F79EFBC}") = "Unity.Notifications.Android", "Unity.Notifications.Android.Player.csproj", "{12A75B9C-5171-EFBE-A03F-999CA3A8C9C5}"
EndProject
Project("{FAE04EC0-301F-11D3-BF4B-00C04F79EFBC}") = "Unity.2D.SpriteShape.Runtime", "Unity.2D.SpriteShape.Runtime.Player.csproj", "{05E04510-A4D0-3740-01E1-CC01B575D43C}"
EndProject
Project("{FAE04EC0-301F-11D3-BF4B-00C04F79EFBC}") = "Unity.2D.PixelPerfect", "Unity.2D.PixelPerfect.Player.csproj", "{4731693A-54DD-AC50-857F-F92EB75AA799}"
EndProject
Project("{FAE04EC0-301F-11D3-BF4B-00C04F79EFBC}") = "Unity.2D.Common.Runtime", "Unity.2D.Common.Runtime.Player.csproj", "{9EC0F92B-8EEA-91C2-1780-E8CDD8EB7C6D}"
EndProject
Project("{FAE04EC0-301F-11D3-BF4B-00C04F79EFBC}") = "Unity.2D.IK.Runtime", "Unity.2D.IK.Runtime.Player.csproj", "{5330D86E-354B-EA3E-5E71-DB6A5590AD1E}"
EndProject
Project("{FAE04EC0-301F-11D3-BF4B-00C04F79EFBC}") = "Unity.2D.Tilemap.Extras", "Unity.2D.Tilemap.Extras.Player.csproj", "{B51BBABF-8DD4-4B4B-818C-34F4BC7A6DBD}"
EndProject
Project("{FAE04EC0-301F-11D3-BF4B-00C04F79EFBC}") = "Unity.Profiling.Core", "Unity.Profiling.Core.Player.csproj", "{ECDA5E7C-8DC2-3987-0D44-746CE74576FB}"
EndProject
Project("{FAE04EC0-301F-11D3-BF4B-00C04F79EFBC}") = "Assembly-CSharp", "Assembly-CSharp.Player.csproj", "{F93416DA-D6A3-4564-572D-3223CF77CD6F}"
EndProject
Project("{FAE04EC0-301F-11D3-BF4B-00C04F79EFBC}") = "Unity.InternalAPIEngineBridge.001", "Unity.InternalAPIEngineBridge.001.Player.csproj", "{A4F3239E-C295-3625-F34A-1E46562FF689}"
EndProject
Project("{FAE04EC0-301F-11D3-BF4B-00C04F79EFBC}") = "Unity.Subsystem.Registration", "Unity.Subsystem.Registration.Player.csproj", "{E0602DB3-71F0-8FA3-E258-BD4348DBA48D}"
EndProject
Global
	GlobalSection(SolutionConfigurationPlatforms) = preSolution
		Debug|Any CPU = Debug|Any CPU
		Release|Any CPU = Release|Any CPU
	EndGlobalSection
	GlobalSection(ProjectConfigurationPlatforms) = postSolution
		{FBC2DED9-C0DF-1225-B036-586052E94BD6}.Debug|Any CPU.ActiveCfg = Debug|Any CPU
		{FBC2DED9-C0DF-1225-B036-586052E94BD6}.Debug|Any CPU.Build.0 = Debug|Any CPU
		{FBC2DED9-C0DF-1225-B036-586052E94BD6}.Release|Any CPU.ActiveCfg = Release|Any CPU
		{FBC2DED9-C0DF-1225-B036-586052E94BD6}.Release|Any CPU.Build.0 = Release|Any CPU
		{6AD76160-4DD0-C9A1-0CFA-FCC2DB1FFF69}.Debug|Any CPU.ActiveCfg = Debug|Any CPU
		{6AD76160-4DD0-C9A1-0CFA-FCC2DB1FFF69}.Debug|Any CPU.Build.0 = Debug|Any CPU
		{6AD76160-4DD0-C9A1-0CFA-FCC2DB1FFF69}.Release|Any CPU.ActiveCfg = Release|Any CPU
		{6AD76160-4DD0-C9A1-0CFA-FCC2DB1FFF69}.Release|Any CPU.Build.0 = Release|Any CPU
		{309DF308-4A93-60ED-0B4D-34DFCDBA04F3}.Debug|Any CPU.ActiveCfg = Debug|Any CPU
		{309DF308-4A93-60ED-0B4D-34DFCDBA04F3}.Debug|Any CPU.Build.0 = Debug|Any CPU
		{309DF308-4A93-60ED-0B4D-34DFCDBA04F3}.Release|Any CPU.ActiveCfg = Release|Any CPU
		{309DF308-4A93-60ED-0B4D-34DFCDBA04F3}.Release|Any CPU.Build.0 = Release|Any CPU
		{0B61A455-E144-4B47-4823-13A4F5CFC913}.Debug|Any CPU.ActiveCfg = Debug|Any CPU
		{0B61A455-E144-4B47-4823-13A4F5CFC913}.Debug|Any CPU.Build.0 = Debug|Any CPU
		{0B61A455-E144-4B47-4823-13A4F5CFC913}.Release|Any CPU.ActiveCfg = Release|Any CPU
		{0B61A455-E144-4B47-4823-13A4F5CFC913}.Release|Any CPU.Build.0 = Release|Any CPU
		{7B7DEC3D-F82D-3EC3-F792-64E0ECF3697C}.Debug|Any CPU.ActiveCfg = Debug|Any CPU
		{7B7DEC3D-F82D-3EC3-F792-64E0ECF3697C}.Debug|Any CPU.Build.0 = Debug|Any CPU
		{7B7DEC3D-F82D-3EC3-F792-64E0ECF3697C}.Release|Any CPU.ActiveCfg = Release|Any CPU
		{7B7DEC3D-F82D-3EC3-F792-64E0ECF3697C}.Release|Any CPU.Build.0 = Release|Any CPU
		{A09C31F0-44CC-08C1-0E20-0CFE46CC7EEA}.Debug|Any CPU.ActiveCfg = Debug|Any CPU
		{A09C31F0-44CC-08C1-0E20-0CFE46CC7EEA}.Debug|Any CPU.Build.0 = Debug|Any CPU
		{A09C31F0-44CC-08C1-0E20-0CFE46CC7EEA}.Release|Any CPU.ActiveCfg = Release|Any CPU
		{A09C31F0-44CC-08C1-0E20-0CFE46CC7EEA}.Release|Any CPU.Build.0 = Release|Any CPU
		{EE276795-D31C-19F3-0529-645239A33C38}.Debug|Any CPU.ActiveCfg = Debug|Any CPU
		{EE276795-D31C-19F3-0529-645239A33C38}.Debug|Any CPU.Build.0 = Debug|Any CPU
		{EE276795-D31C-19F3-0529-645239A33C38}.Release|Any CPU.ActiveCfg = Release|Any CPU
		{EE276795-D31C-19F3-0529-645239A33C38}.Release|Any CPU.Build.0 = Release|Any CPU
		{3B4DCB8C-28C6-A9A8-D1BD-6ECDC79354A2}.Debug|Any CPU.ActiveCfg = Debug|Any CPU
		{3B4DCB8C-28C6-A9A8-D1BD-6ECDC79354A2}.Debug|Any CPU.Build.0 = Debug|Any CPU
		{3B4DCB8C-28C6-A9A8-D1BD-6ECDC79354A2}.Release|Any CPU.ActiveCfg = Release|Any CPU
		{3B4DCB8C-28C6-A9A8-D1BD-6ECDC79354A2}.Release|Any CPU.Build.0 = Release|Any CPU
		{47BBB12D-39E0-724A-F20E-69591B7FC504}.Debug|Any CPU.ActiveCfg = Debug|Any CPU
		{47BBB12D-39E0-724A-F20E-69591B7FC504}.Debug|Any CPU.Build.0 = Debug|Any CPU
		{47BBB12D-39E0-724A-F20E-69591B7FC504}.Release|Any CPU.ActiveCfg = Release|Any CPU
		{47BBB12D-39E0-724A-F20E-69591B7FC504}.Release|Any CPU.Build.0 = Release|Any CPU
		{E577CAB6-1F29-97B7-7427-C98F23838325}.Debug|Any CPU.ActiveCfg = Debug|Any CPU
		{E577CAB6-1F29-97B7-7427-C98F23838325}.Debug|Any CPU.Build.0 = Debug|Any CPU
		{E577CAB6-1F29-97B7-7427-C98F23838325}.Release|Any CPU.ActiveCfg = Release|Any CPU
		{E577CAB6-1F29-97B7-7427-C98F23838325}.Release|Any CPU.Build.0 = Release|Any CPU
		{E4905A32-C0D8-42B0-49BB-946F624BF445}.Debug|Any CPU.ActiveCfg = Debug|Any CPU
		{E4905A32-C0D8-42B0-49BB-946F624BF445}.Debug|Any CPU.Build.0 = Debug|Any CPU
		{E4905A32-C0D8-42B0-49BB-946F624BF445}.Release|Any CPU.ActiveCfg = Release|Any CPU
		{E4905A32-C0D8-42B0-49BB-946F624BF445}.Release|Any CPU.Build.0 = Release|Any CPU
		{C6A461D9-C250-EF06-DD19-8888C49559A8}.Debug|Any CPU.ActiveCfg = Debug|Any CPU
		{C6A461D9-C250-EF06-DD19-8888C49559A8}.Debug|Any CPU.Build.0 = Debug|Any CPU
		{C6A461D9-C250-EF06-DD19-8888C49559A8}.Release|Any CPU.ActiveCfg = Release|Any CPU
		{C6A461D9-C250-EF06-DD19-8888C49559A8}.Release|Any CPU.Build.0 = Release|Any CPU
		{2037866B-AC6C-F3DE-9E15-8656D1868B20}.Debug|Any CPU.ActiveCfg = Debug|Any CPU
		{2037866B-AC6C-F3DE-9E15-8656D1868B20}.Debug|Any CPU.Build.0 = Debug|Any CPU
		{2037866B-AC6C-F3DE-9E15-8656D1868B20}.Release|Any CPU.ActiveCfg = Release|Any CPU
		{2037866B-AC6C-F3DE-9E15-8656D1868B20}.Release|Any CPU.Build.0 = Release|Any CPU
		{DE8B9FBB-42AF-65A7-4556-9005853C5845}.Debug|Any CPU.ActiveCfg = Debug|Any CPU
		{DE8B9FBB-42AF-65A7-4556-9005853C5845}.Debug|Any CPU.Build.0 = Debug|Any CPU
		{DE8B9FBB-42AF-65A7-4556-9005853C5845}.Release|Any CPU.ActiveCfg = Release|Any CPU
		{DE8B9FBB-42AF-65A7-4556-9005853C5845}.Release|Any CPU.Build.0 = Release|Any CPU
		{AC4347C6-BF3D-B3F8-FE99-E3B9C2037F4A}.Debug|Any CPU.ActiveCfg = Debug|Any CPU
		{AC4347C6-BF3D-B3F8-FE99-E3B9C2037F4A}.Debug|Any CPU.Build.0 = Debug|Any CPU
		{AC4347C6-BF3D-B3F8-FE99-E3B9C2037F4A}.Release|Any CPU.ActiveCfg = Release|Any CPU
		{AC4347C6-BF3D-B3F8-FE99-E3B9C2037F4A}.Release|Any CPU.Build.0 = Release|Any CPU
		{ACE1B349-504D-6EBE-45FC-15EB7C583D1D}.Debug|Any CPU.ActiveCfg = Debug|Any CPU
		{ACE1B349-504D-6EBE-45FC-15EB7C583D1D}.Debug|Any CPU.Build.0 = Debug|Any CPU
		{ACE1B349-504D-6EBE-45FC-15EB7C583D1D}.Release|Any CPU.ActiveCfg = Release|Any CPU
		{ACE1B349-504D-6EBE-45FC-15EB7C583D1D}.Release|Any CPU.Build.0 = Release|Any CPU
		{E4789E23-A367-DE6B-7637-50CB7B7A2ED8}.Debug|Any CPU.ActiveCfg = Debug|Any CPU
		{E4789E23-A367-DE6B-7637-50CB7B7A2ED8}.Debug|Any CPU.Build.0 = Debug|Any CPU
		{E4789E23-A367-DE6B-7637-50CB7B7A2ED8}.Release|Any CPU.ActiveCfg = Release|Any CPU
		{E4789E23-A367-DE6B-7637-50CB7B7A2ED8}.Release|Any CPU.Build.0 = Release|Any CPU
		{0AD08D8F-3E04-AAA5-6C78-BE79A5AE68FD}.Debug|Any CPU.ActiveCfg = Debug|Any CPU
		{0AD08D8F-3E04-AAA5-6C78-BE79A5AE68FD}.Debug|Any CPU.Build.0 = Debug|Any CPU
		{0AD08D8F-3E04-AAA5-6C78-BE79A5AE68FD}.Release|Any CPU.ActiveCfg = Release|Any CPU
		{0AD08D8F-3E04-AAA5-6C78-BE79A5AE68FD}.Release|Any CPU.Build.0 = Release|Any CPU
		{33007FAB-2DB9-F243-F89B-AA939AD52F46}.Debug|Any CPU.ActiveCfg = Debug|Any CPU
		{33007FAB-2DB9-F243-F89B-AA939AD52F46}.Debug|Any CPU.Build.0 = Debug|Any CPU
		{33007FAB-2DB9-F243-F89B-AA939AD52F46}.Release|Any CPU.ActiveCfg = Release|Any CPU
		{33007FAB-2DB9-F243-F89B-AA939AD52F46}.Release|Any CPU.Build.0 = Release|Any CPU
		{B7C4A23E-0E4E-3AF3-64A5-48B9DFE723A8}.Debug|Any CPU.ActiveCfg = Debug|Any CPU
		{B7C4A23E-0E4E-3AF3-64A5-48B9DFE723A8}.Debug|Any CPU.Build.0 = Debug|Any CPU
		{B7C4A23E-0E4E-3AF3-64A5-48B9DFE723A8}.Release|Any CPU.ActiveCfg = Release|Any CPU
		{B7C4A23E-0E4E-3AF3-64A5-48B9DFE723A8}.Release|Any CPU.Build.0 = Release|Any CPU
		{BEA6A3DA-A32D-C60B-499E-7C9BD55AB678}.Debug|Any CPU.ActiveCfg = Debug|Any CPU
		{BEA6A3DA-A32D-C60B-499E-7C9BD55AB678}.Debug|Any CPU.Build.0 = Debug|Any CPU
		{BEA6A3DA-A32D-C60B-499E-7C9BD55AB678}.Release|Any CPU.ActiveCfg = Release|Any CPU
		{BEA6A3DA-A32D-C60B-499E-7C9BD55AB678}.Release|Any CPU.Build.0 = Release|Any CPU
		{CE8DE28F-86E1-85B7-FA3D-B9D4CDE22BA6}.Debug|Any CPU.ActiveCfg = Debug|Any CPU
		{CE8DE28F-86E1-85B7-FA3D-B9D4CDE22BA6}.Debug|Any CPU.Build.0 = Debug|Any CPU
		{CE8DE28F-86E1-85B7-FA3D-B9D4CDE22BA6}.Release|Any CPU.ActiveCfg = Release|Any CPU
		{CE8DE28F-86E1-85B7-FA3D-B9D4CDE22BA6}.Release|Any CPU.Build.0 = Release|Any CPU
		{28C8F77E-7A2F-1454-37CE-97351A0E67C0}.Debug|Any CPU.ActiveCfg = Debug|Any CPU
		{28C8F77E-7A2F-1454-37CE-97351A0E67C0}.Debug|Any CPU.Build.0 = Debug|Any CPU
		{28C8F77E-7A2F-1454-37CE-97351A0E67C0}.Release|Any CPU.ActiveCfg = Release|Any CPU
		{28C8F77E-7A2F-1454-37CE-97351A0E67C0}.Release|Any CPU.Build.0 = Release|Any CPU
		{A7A44E90-6159-07A4-37C1-7B4B821DEC2A}.Debug|Any CPU.ActiveCfg = Debug|Any CPU
		{A7A44E90-6159-07A4-37C1-7B4B821DEC2A}.Debug|Any CPU.Build.0 = Debug|Any CPU
		{A7A44E90-6159-07A4-37C1-7B4B821DEC2A}.Release|Any CPU.ActiveCfg = Release|Any CPU
		{A7A44E90-6159-07A4-37C1-7B4B821DEC2A}.Release|Any CPU.Build.0 = Release|Any CPU
		{F62DCFCF-E900-F17D-BA17-BFF295BCBBA8}.Debug|Any CPU.ActiveCfg = Debug|Any CPU
		{F62DCFCF-E900-F17D-BA17-BFF295BCBBA8}.Debug|Any CPU.Build.0 = Debug|Any CPU
		{F62DCFCF-E900-F17D-BA17-BFF295BCBBA8}.Release|Any CPU.ActiveCfg = Release|Any CPU
		{F62DCFCF-E900-F17D-BA17-BFF295BCBBA8}.Release|Any CPU.Build.0 = Release|Any CPU
		{441976C1-5E7B-0572-6BD6-385FB3A3FD19}.Debug|Any CPU.ActiveCfg = Debug|Any CPU
		{441976C1-5E7B-0572-6BD6-385FB3A3FD19}.Debug|Any CPU.Build.0 = Debug|Any CPU
		{441976C1-5E7B-0572-6BD6-385FB3A3FD19}.Release|Any CPU.ActiveCfg = Release|Any CPU
		{441976C1-5E7B-0572-6BD6-385FB3A3FD19}.Release|Any CPU.Build.0 = Release|Any CPU
		{CCAEA038-C561-6169-2F37-9732219E0450}.Debug|Any CPU.ActiveCfg = Debug|Any CPU
		{CCAEA038-C561-6169-2F37-9732219E0450}.Debug|Any CPU.Build.0 = Debug|Any CPU
		{CCAEA038-C561-6169-2F37-9732219E0450}.Release|Any CPU.ActiveCfg = Release|Any CPU
		{CCAEA038-C561-6169-2F37-9732219E0450}.Release|Any CPU.Build.0 = Release|Any CPU
		{8196DD2A-C3F8-D444-E902-BBACDEE3CC6B}.Debug|Any CPU.ActiveCfg = Debug|Any CPU
		{8196DD2A-C3F8-D444-E902-BBACDEE3CC6B}.Debug|Any CPU.Build.0 = Debug|Any CPU
		{8196DD2A-C3F8-D444-E902-BBACDEE3CC6B}.Release|Any CPU.ActiveCfg = Release|Any CPU
		{8196DD2A-C3F8-D444-E902-BBACDEE3CC6B}.Release|Any CPU.Build.0 = Release|Any CPU
		{EF1B7EAB-9A88-EDF2-44E7-5FAC417A371B}.Debug|Any CPU.ActiveCfg = Debug|Any CPU
		{EF1B7EAB-9A88-EDF2-44E7-5FAC417A371B}.Debug|Any CPU.Build.0 = Debug|Any CPU
		{EF1B7EAB-9A88-EDF2-44E7-5FAC417A371B}.Release|Any CPU.ActiveCfg = Release|Any CPU
		{EF1B7EAB-9A88-EDF2-44E7-5FAC417A371B}.Release|Any CPU.Build.0 = Release|Any CPU
		{C0E76391-F705-3B33-CC5E-41CA026846B2}.Debug|Any CPU.ActiveCfg = Debug|Any CPU
		{C0E76391-F705-3B33-CC5E-41CA026846B2}.Debug|Any CPU.Build.0 = Debug|Any CPU
		{C0E76391-F705-3B33-CC5E-41CA026846B2}.Release|Any CPU.ActiveCfg = Release|Any CPU
		{C0E76391-F705-3B33-CC5E-41CA026846B2}.Release|Any CPU.Build.0 = Release|Any CPU
		{BCE3D9A7-E0E5-712B-C46B-1BEE31001B7D}.Debug|Any CPU.ActiveCfg = Debug|Any CPU
		{BCE3D9A7-E0E5-712B-C46B-1BEE31001B7D}.Debug|Any CPU.Build.0 = Debug|Any CPU
		{BCE3D9A7-E0E5-712B-C46B-1BEE31001B7D}.Release|Any CPU.ActiveCfg = Release|Any CPU
		{BCE3D9A7-E0E5-712B-C46B-1BEE31001B7D}.Release|Any CPU.Build.0 = Release|Any CPU
		{1F010660-5529-5FA9-B0CB-66D6C261F365}.Debug|Any CPU.ActiveCfg = Debug|Any CPU
		{1F010660-5529-5FA9-B0CB-66D6C261F365}.Debug|Any CPU.Build.0 = Debug|Any CPU
		{1F010660-5529-5FA9-B0CB-66D6C261F365}.Release|Any CPU.ActiveCfg = Release|Any CPU
		{1F010660-5529-5FA9-B0CB-66D6C261F365}.Release|Any CPU.Build.0 = Release|Any CPU
		{C6B47A08-2B61-FFAC-71C1-F3E94393B163}.Debug|Any CPU.ActiveCfg = Debug|Any CPU
		{C6B47A08-2B61-FFAC-71C1-F3E94393B163}.Debug|Any CPU.Build.0 = Debug|Any CPU
		{C6B47A08-2B61-FFAC-71C1-F3E94393B163}.Release|Any CPU.ActiveCfg = Release|Any CPU
		{C6B47A08-2B61-FFAC-71C1-F3E94393B163}.Release|Any CPU.Build.0 = Release|Any CPU
		{F92B2AC9-E5F1-E657-083A-B5FF70B14AEF}.Debug|Any CPU.ActiveCfg = Debug|Any CPU
		{F92B2AC9-E5F1-E657-083A-B5FF70B14AEF}.Debug|Any CPU.Build.0 = Debug|Any CPU
		{F92B2AC9-E5F1-E657-083A-B5FF70B14AEF}.Release|Any CPU.ActiveCfg = Release|Any CPU
		{F92B2AC9-E5F1-E657-083A-B5FF70B14AEF}.Release|Any CPU.Build.0 = Release|Any CPU
		{4AF66B94-B4D0-2B3B-A46B-2C47FDB299EA}.Debug|Any CPU.ActiveCfg = Debug|Any CPU
		{4AF66B94-B4D0-2B3B-A46B-2C47FDB299EA}.Debug|Any CPU.Build.0 = Debug|Any CPU
		{4AF66B94-B4D0-2B3B-A46B-2C47FDB299EA}.Release|Any CPU.ActiveCfg = Release|Any CPU
		{4AF66B94-B4D0-2B3B-A46B-2C47FDB299EA}.Release|Any CPU.Build.0 = Release|Any CPU
		{655EB7FA-D5AC-75C8-172C-266C3D9DBDA9}.Debug|Any CPU.ActiveCfg = Debug|Any CPU
		{655EB7FA-D5AC-75C8-172C-266C3D9DBDA9}.Debug|Any CPU.Build.0 = Debug|Any CPU
		{655EB7FA-D5AC-75C8-172C-266C3D9DBDA9}.Release|Any CPU.ActiveCfg = Release|Any CPU
		{655EB7FA-D5AC-75C8-172C-266C3D9DBDA9}.Release|Any CPU.Build.0 = Release|Any CPU
		{57D0285C-7163-AB51-0A1C-3DE6B7CB3C7A}.Debug|Any CPU.ActiveCfg = Debug|Any CPU
		{57D0285C-7163-AB51-0A1C-3DE6B7CB3C7A}.Debug|Any CPU.Build.0 = Debug|Any CPU
		{57D0285C-7163-AB51-0A1C-3DE6B7CB3C7A}.Release|Any CPU.ActiveCfg = Release|Any CPU
		{57D0285C-7163-AB51-0A1C-3DE6B7CB3C7A}.Release|Any CPU.Build.0 = Release|Any CPU
		{CAB735FD-2E3A-1A54-327B-0F0259603B26}.Debug|Any CPU.ActiveCfg = Debug|Any CPU
		{CAB735FD-2E3A-1A54-327B-0F0259603B26}.Debug|Any CPU.Build.0 = Debug|Any CPU
		{CAB735FD-2E3A-1A54-327B-0F0259603B26}.Release|Any CPU.ActiveCfg = Release|Any CPU
		{CAB735FD-2E3A-1A54-327B-0F0259603B26}.Release|Any CPU.Build.0 = Release|Any CPU
		{B2CBA0C5-D860-69B5-68DC-4D945AECF7DD}.Debug|Any CPU.ActiveCfg = Debug|Any CPU
		{B2CBA0C5-D860-69B5-68DC-4D945AECF7DD}.Debug|Any CPU.Build.0 = Debug|Any CPU
		{B2CBA0C5-D860-69B5-68DC-4D945AECF7DD}.Release|Any CPU.ActiveCfg = Release|Any CPU
		{B2CBA0C5-D860-69B5-68DC-4D945AECF7DD}.Release|Any CPU.Build.0 = Release|Any CPU
		{99252E1B-9965-7537-CA59-5EB19E0028F4}.Debug|Any CPU.ActiveCfg = Debug|Any CPU
		{99252E1B-9965-7537-CA59-5EB19E0028F4}.Debug|Any CPU.Build.0 = Debug|Any CPU
		{99252E1B-9965-7537-CA59-5EB19E0028F4}.Release|Any CPU.ActiveCfg = Release|Any CPU
		{99252E1B-9965-7537-CA59-5EB19E0028F4}.Release|Any CPU.Build.0 = Release|Any CPU
		{B1DDAEB4-497F-5FCA-1979-8D842E302ACB}.Debug|Any CPU.ActiveCfg = Debug|Any CPU
		{B1DDAEB4-497F-5FCA-1979-8D842E302ACB}.Debug|Any CPU.Build.0 = Debug|Any CPU
		{B1DDAEB4-497F-5FCA-1979-8D842E302ACB}.Release|Any CPU.ActiveCfg = Release|Any CPU
		{B1DDAEB4-497F-5FCA-1979-8D842E302ACB}.Release|Any CPU.Build.0 = Release|Any CPU
		{9B76938E-C24C-547D-64A7-DDF67981BE04}.Debug|Any CPU.ActiveCfg = Debug|Any CPU
		{9B76938E-C24C-547D-64A7-DDF67981BE04}.Debug|Any CPU.Build.0 = Debug|Any CPU
		{9B76938E-C24C-547D-64A7-DDF67981BE04}.Release|Any CPU.ActiveCfg = Release|Any CPU
		{9B76938E-C24C-547D-64A7-DDF67981BE04}.Release|Any CPU.Build.0 = Release|Any CPU
		{38C403F9-E5D9-7CA1-6091-2D92312304C4}.Debug|Any CPU.ActiveCfg = Debug|Any CPU
		{38C403F9-E5D9-7CA1-6091-2D92312304C4}.Debug|Any CPU.Build.0 = Debug|Any CPU
		{38C403F9-E5D9-7CA1-6091-2D92312304C4}.Release|Any CPU.ActiveCfg = Release|Any CPU
		{38C403F9-E5D9-7CA1-6091-2D92312304C4}.Release|Any CPU.Build.0 = Release|Any CPU
		{187D1A7F-D439-B40F-6C75-F90003A6D98B}.Debug|Any CPU.ActiveCfg = Debug|Any CPU
		{187D1A7F-D439-B40F-6C75-F90003A6D98B}.Debug|Any CPU.Build.0 = Debug|Any CPU
		{187D1A7F-D439-B40F-6C75-F90003A6D98B}.Release|Any CPU.ActiveCfg = Release|Any CPU
		{187D1A7F-D439-B40F-6C75-F90003A6D98B}.Release|Any CPU.Build.0 = Release|Any CPU
		{309305AE-B6A1-448C-B81A-8C6046A14E0D}.Debug|Any CPU.ActiveCfg = Debug|Any CPU
		{309305AE-B6A1-448C-B81A-8C6046A14E0D}.Debug|Any CPU.Build.0 = Debug|Any CPU
		{309305AE-B6A1-448C-B81A-8C6046A14E0D}.Release|Any CPU.ActiveCfg = Release|Any CPU
		{309305AE-B6A1-448C-B81A-8C6046A14E0D}.Release|Any CPU.Build.0 = Release|Any CPU
		{98DAE49A-8EB0-7284-42BB-E940528F4B76}.Debug|Any CPU.ActiveCfg = Debug|Any CPU
		{98DAE49A-8EB0-7284-42BB-E940528F4B76}.Debug|Any CPU.Build.0 = Debug|Any CPU
		{98DAE49A-8EB0-7284-42BB-E940528F4B76}.Release|Any CPU.ActiveCfg = Release|Any CPU
		{98DAE49A-8EB0-7284-42BB-E940528F4B76}.Release|Any CPU.Build.0 = Release|Any CPU
		{21215C47-8AE2-EF18-6474-42F1609FAE7E}.Debug|Any CPU.ActiveCfg = Debug|Any CPU
		{21215C47-8AE2-EF18-6474-42F1609FAE7E}.Debug|Any CPU.Build.0 = Debug|Any CPU
		{21215C47-8AE2-EF18-6474-42F1609FAE7E}.Release|Any CPU.ActiveCfg = Release|Any CPU
		{21215C47-8AE2-EF18-6474-42F1609FAE7E}.Release|Any CPU.Build.0 = Release|Any CPU
		{6A67EC87-6449-379E-72AE-794D65EB0D61}.Debug|Any CPU.ActiveCfg = Debug|Any CPU
		{6A67EC87-6449-379E-72AE-794D65EB0D61}.Debug|Any CPU.Build.0 = Debug|Any CPU
		{6A67EC87-6449-379E-72AE-794D65EB0D61}.Release|Any CPU.ActiveCfg = Release|Any CPU
		{6A67EC87-6449-379E-72AE-794D65EB0D61}.Release|Any CPU.Build.0 = Release|Any CPU
		{F82CC1FF-DD67-D020-B973-13F57FEE94D0}.Debug|Any CPU.ActiveCfg = Debug|Any CPU
		{F82CC1FF-DD67-D020-B973-13F57FEE94D0}.Debug|Any CPU.Build.0 = Debug|Any CPU
		{F82CC1FF-DD67-D020-B973-13F57FEE94D0}.Release|Any CPU.ActiveCfg = Release|Any CPU
		{F82CC1FF-DD67-D020-B973-13F57FEE94D0}.Release|Any CPU.Build.0 = Release|Any CPU
		{0F7338EE-39DE-65A9-A36B-F076A4F726F3}.Debug|Any CPU.ActiveCfg = Debug|Any CPU
		{0F7338EE-39DE-65A9-A36B-F076A4F726F3}.Debug|Any CPU.Build.0 = Debug|Any CPU
		{0F7338EE-39DE-65A9-A36B-F076A4F726F3}.Release|Any CPU.ActiveCfg = Release|Any CPU
		{0F7338EE-39DE-65A9-A36B-F076A4F726F3}.Release|Any CPU.Build.0 = Release|Any CPU
		{3E60DAD4-6AA0-C00E-7636-395B80B811FE}.Debug|Any CPU.ActiveCfg = Debug|Any CPU
		{3E60DAD4-6AA0-C00E-7636-395B80B811FE}.Debug|Any CPU.Build.0 = Debug|Any CPU
		{3E60DAD4-6AA0-C00E-7636-395B80B811FE}.Release|Any CPU.ActiveCfg = Release|Any CPU
		{3E60DAD4-6AA0-C00E-7636-395B80B811FE}.Release|Any CPU.Build.0 = Release|Any CPU
		{45D7D98E-9E2A-6189-AD5D-837F13DEB30B}.Debug|Any CPU.ActiveCfg = Debug|Any CPU
		{45D7D98E-9E2A-6189-AD5D-837F13DEB30B}.Debug|Any CPU.Build.0 = Debug|Any CPU
		{45D7D98E-9E2A-6189-AD5D-837F13DEB30B}.Release|Any CPU.ActiveCfg = Release|Any CPU
		{45D7D98E-9E2A-6189-AD5D-837F13DEB30B}.Release|Any CPU.Build.0 = Release|Any CPU
		{650BF23F-FA50-1692-4E58-56D9C37CB337}.Debug|Any CPU.ActiveCfg = Debug|Any CPU
		{650BF23F-FA50-1692-4E58-56D9C37CB337}.Debug|Any CPU.Build.0 = Debug|Any CPU
		{650BF23F-FA50-1692-4E58-56D9C37CB337}.Release|Any CPU.ActiveCfg = Release|Any CPU
		{650BF23F-FA50-1692-4E58-56D9C37CB337}.Release|Any CPU.Build.0 = Release|Any CPU
		{DFECA209-C9E2-D69B-EB1E-438A4029D752}.Debug|Any CPU.ActiveCfg = Debug|Any CPU
		{DFECA209-C9E2-D69B-EB1E-438A4029D752}.Debug|Any CPU.Build.0 = Debug|Any CPU
		{DFECA209-C9E2-D69B-EB1E-438A4029D752}.Release|Any CPU.ActiveCfg = Release|Any CPU
		{DFECA209-C9E2-D69B-EB1E-438A4029D752}.Release|Any CPU.Build.0 = Release|Any CPU
		{0AD83C62-AF6D-0478-FCCA-4E96F179C7A7}.Debug|Any CPU.ActiveCfg = Debug|Any CPU
		{0AD83C62-AF6D-0478-FCCA-4E96F179C7A7}.Debug|Any CPU.Build.0 = Debug|Any CPU
		{0AD83C62-AF6D-0478-FCCA-4E96F179C7A7}.Release|Any CPU.ActiveCfg = Release|Any CPU
		{0AD83C62-AF6D-0478-FCCA-4E96F179C7A7}.Release|Any CPU.Build.0 = Release|Any CPU
		{86C65F30-553D-228D-1F5C-607A5B1CBEBA}.Debug|Any CPU.ActiveCfg = Debug|Any CPU
		{86C65F30-553D-228D-1F5C-607A5B1CBEBA}.Debug|Any CPU.Build.0 = Debug|Any CPU
		{86C65F30-553D-228D-1F5C-607A5B1CBEBA}.Release|Any CPU.ActiveCfg = Release|Any CPU
		{86C65F30-553D-228D-1F5C-607A5B1CBEBA}.Release|Any CPU.Build.0 = Release|Any CPU
		{C6A9AD76-7E75-E19F-1690-1E51216D9E19}.Debug|Any CPU.ActiveCfg = Debug|Any CPU
		{C6A9AD76-7E75-E19F-1690-1E51216D9E19}.Debug|Any CPU.Build.0 = Debug|Any CPU
		{C6A9AD76-7E75-E19F-1690-1E51216D9E19}.Release|Any CPU.ActiveCfg = Release|Any CPU
		{C6A9AD76-7E75-E19F-1690-1E51216D9E19}.Release|Any CPU.Build.0 = Release|Any CPU
		{CF1C7967-9475-3477-E956-B149EFAF0507}.Debug|Any CPU.ActiveCfg = Debug|Any CPU
		{CF1C7967-9475-3477-E956-B149EFAF0507}.Debug|Any CPU.Build.0 = Debug|Any CPU
		{CF1C7967-9475-3477-E956-B149EFAF0507}.Release|Any CPU.ActiveCfg = Release|Any CPU
		{CF1C7967-9475-3477-E956-B149EFAF0507}.Release|Any CPU.Build.0 = Release|Any CPU
		{C4801041-2D02-823F-069F-456734E3A52C}.Debug|Any CPU.ActiveCfg = Debug|Any CPU
		{C4801041-2D02-823F-069F-456734E3A52C}.Debug|Any CPU.Build.0 = Debug|Any CPU
		{C4801041-2D02-823F-069F-456734E3A52C}.Release|Any CPU.ActiveCfg = Release|Any CPU
		{C4801041-2D02-823F-069F-456734E3A52C}.Release|Any CPU.Build.0 = Release|Any CPU
		{58E41570-6BDC-D79E-3C69-68F1E06E19B9}.Debug|Any CPU.ActiveCfg = Debug|Any CPU
		{58E41570-6BDC-D79E-3C69-68F1E06E19B9}.Debug|Any CPU.Build.0 = Debug|Any CPU
		{58E41570-6BDC-D79E-3C69-68F1E06E19B9}.Release|Any CPU.ActiveCfg = Release|Any CPU
		{58E41570-6BDC-D79E-3C69-68F1E06E19B9}.Release|Any CPU.Build.0 = Release|Any CPU
		{CB00F374-001C-F5D6-F566-2DF091715474}.Debug|Any CPU.ActiveCfg = Debug|Any CPU
		{CB00F374-001C-F5D6-F566-2DF091715474}.Debug|Any CPU.Build.0 = Debug|Any CPU
		{CB00F374-001C-F5D6-F566-2DF091715474}.Release|Any CPU.ActiveCfg = Release|Any CPU
		{CB00F374-001C-F5D6-F566-2DF091715474}.Release|Any CPU.Build.0 = Release|Any CPU
		{6526393D-6E70-4BD6-537F-B8B0C3FC3551}.Debug|Any CPU.ActiveCfg = Debug|Any CPU
		{6526393D-6E70-4BD6-537F-B8B0C3FC3551}.Debug|Any CPU.Build.0 = Debug|Any CPU
		{6526393D-6E70-4BD6-537F-B8B0C3FC3551}.Release|Any CPU.ActiveCfg = Release|Any CPU
		{6526393D-6E70-4BD6-537F-B8B0C3FC3551}.Release|Any CPU.Build.0 = Release|Any CPU
		{47B7D033-9458-8957-2EA4-A30156C417B9}.Debug|Any CPU.ActiveCfg = Debug|Any CPU
		{47B7D033-9458-8957-2EA4-A30156C417B9}.Debug|Any CPU.Build.0 = Debug|Any CPU
		{47B7D033-9458-8957-2EA4-A30156C417B9}.Release|Any CPU.ActiveCfg = Release|Any CPU
		{47B7D033-9458-8957-2EA4-A30156C417B9}.Release|Any CPU.Build.0 = Release|Any CPU
		{E6BEDEA8-D6EC-5345-F8F0-E1C4DDBB1EAE}.Debug|Any CPU.ActiveCfg = Debug|Any CPU
		{E6BEDEA8-D6EC-5345-F8F0-E1C4DDBB1EAE}.Debug|Any CPU.Build.0 = Debug|Any CPU
		{E6BEDEA8-D6EC-5345-F8F0-E1C4DDBB1EAE}.Release|Any CPU.ActiveCfg = Release|Any CPU
		{E6BEDEA8-D6EC-5345-F8F0-E1C4DDBB1EAE}.Release|Any CPU.Build.0 = Release|Any CPU
		{23DBEA1F-A81F-C950-3277-4BEEDA0C6FB9}.Debug|Any CPU.ActiveCfg = Debug|Any CPU
		{23DBEA1F-A81F-C950-3277-4BEEDA0C6FB9}.Debug|Any CPU.Build.0 = Debug|Any CPU
		{23DBEA1F-A81F-C950-3277-4BEEDA0C6FB9}.Release|Any CPU.ActiveCfg = Release|Any CPU
		{23DBEA1F-A81F-C950-3277-4BEEDA0C6FB9}.Release|Any CPU.Build.0 = Release|Any CPU
		{612CC6EA-F3A1-0D99-61A8-E3008A56EE7C}.Debug|Any CPU.ActiveCfg = Debug|Any CPU
		{612CC6EA-F3A1-0D99-61A8-E3008A56EE7C}.Debug|Any CPU.Build.0 = Debug|Any CPU
		{612CC6EA-F3A1-0D99-61A8-E3008A56EE7C}.Release|Any CPU.ActiveCfg = Release|Any CPU
		{612CC6EA-F3A1-0D99-61A8-E3008A56EE7C}.Release|Any CPU.Build.0 = Release|Any CPU
		{549260D3-6B61-D901-091A-D0FA6BC68F14}.Debug|Any CPU.ActiveCfg = Debug|Any CPU
		{549260D3-6B61-D901-091A-D0FA6BC68F14}.Debug|Any CPU.Build.0 = Debug|Any CPU
		{549260D3-6B61-D901-091A-D0FA6BC68F14}.Release|Any CPU.ActiveCfg = Release|Any CPU
		{549260D3-6B61-D901-091A-D0FA6BC68F14}.Release|Any CPU.Build.0 = Release|Any CPU
		{8090DA4A-F30B-71F8-146F-FB69DA36A866}.Debug|Any CPU.ActiveCfg = Debug|Any CPU
		{8090DA4A-F30B-71F8-146F-FB69DA36A866}.Debug|Any CPU.Build.0 = Debug|Any CPU
		{8090DA4A-F30B-71F8-146F-FB69DA36A866}.Release|Any CPU.ActiveCfg = Release|Any CPU
		{8090DA4A-F30B-71F8-146F-FB69DA36A866}.Release|Any CPU.Build.0 = Release|Any CPU
		{275EE2B8-EFE4-C344-4839-FA9675B0BF5E}.Debug|Any CPU.ActiveCfg = Debug|Any CPU
		{275EE2B8-EFE4-C344-4839-FA9675B0BF5E}.Debug|Any CPU.Build.0 = Debug|Any CPU
		{275EE2B8-EFE4-C344-4839-FA9675B0BF5E}.Release|Any CPU.ActiveCfg = Release|Any CPU
		{275EE2B8-EFE4-C344-4839-FA9675B0BF5E}.Release|Any CPU.Build.0 = Release|Any CPU
		{12A75B9C-5171-EFBE-A03F-999CA3A8C9C5}.Debug|Any CPU.ActiveCfg = Debug|Any CPU
		{12A75B9C-5171-EFBE-A03F-999CA3A8C9C5}.Debug|Any CPU.Build.0 = Debug|Any CPU
		{12A75B9C-5171-EFBE-A03F-999CA3A8C9C5}.Release|Any CPU.ActiveCfg = Release|Any CPU
		{12A75B9C-5171-EFBE-A03F-999CA3A8C9C5}.Release|Any CPU.Build.0 = Release|Any CPU
		{05E04510-A4D0-3740-01E1-CC01B575D43C}.Debug|Any CPU.ActiveCfg = Debug|Any CPU
		{05E04510-A4D0-3740-01E1-CC01B575D43C}.Debug|Any CPU.Build.0 = Debug|Any CPU
		{05E04510-A4D0-3740-01E1-CC01B575D43C}.Release|Any CPU.ActiveCfg = Release|Any CPU
		{05E04510-A4D0-3740-01E1-CC01B575D43C}.Release|Any CPU.Build.0 = Release|Any CPU
		{4731693A-54DD-AC50-857F-F92EB75AA799}.Debug|Any CPU.ActiveCfg = Debug|Any CPU
		{4731693A-54DD-AC50-857F-F92EB75AA799}.Debug|Any CPU.Build.0 = Debug|Any CPU
		{4731693A-54DD-AC50-857F-F92EB75AA799}.Release|Any CPU.ActiveCfg = Release|Any CPU
		{4731693A-54DD-AC50-857F-F92EB75AA799}.Release|Any CPU.Build.0 = Release|Any CPU
		{9EC0F92B-8EEA-91C2-1780-E8CDD8EB7C6D}.Debug|Any CPU.ActiveCfg = Debug|Any CPU
		{9EC0F92B-8EEA-91C2-1780-E8CDD8EB7C6D}.Debug|Any CPU.Build.0 = Debug|Any CPU
		{9EC0F92B-8EEA-91C2-1780-E8CDD8EB7C6D}.Release|Any CPU.ActiveCfg = Release|Any CPU
		{9EC0F92B-8EEA-91C2-1780-E8CDD8EB7C6D}.Release|Any CPU.Build.0 = Release|Any CPU
		{5330D86E-354B-EA3E-5E71-DB6A5590AD1E}.Debug|Any CPU.ActiveCfg = Debug|Any CPU
		{5330D86E-354B-EA3E-5E71-DB6A5590AD1E}.Debug|Any CPU.Build.0 = Debug|Any CPU
		{5330D86E-354B-EA3E-5E71-DB6A5590AD1E}.Release|Any CPU.ActiveCfg = Release|Any CPU
		{5330D86E-354B-EA3E-5E71-DB6A5590AD1E}.Release|Any CPU.Build.0 = Release|Any CPU
		{B51BBABF-8DD4-4B4B-818C-34F4BC7A6DBD}.Debug|Any CPU.ActiveCfg = Debug|Any CPU
		{B51BBABF-8DD4-4B4B-818C-34F4BC7A6DBD}.Debug|Any CPU.Build.0 = Debug|Any CPU
		{B51BBABF-8DD4-4B4B-818C-34F4BC7A6DBD}.Release|Any CPU.ActiveCfg = Release|Any CPU
		{B51BBABF-8DD4-4B4B-818C-34F4BC7A6DBD}.Release|Any CPU.Build.0 = Release|Any CPU
		{ECDA5E7C-8DC2-3987-0D44-746CE74576FB}.Debug|Any CPU.ActiveCfg = Debug|Any CPU
		{ECDA5E7C-8DC2-3987-0D44-746CE74576FB}.Debug|Any CPU.Build.0 = Debug|Any CPU
		{ECDA5E7C-8DC2-3987-0D44-746CE74576FB}.Release|Any CPU.ActiveCfg = Release|Any CPU
		{ECDA5E7C-8DC2-3987-0D44-746CE74576FB}.Release|Any CPU.Build.0 = Release|Any CPU
		{F93416DA-D6A3-4564-572D-3223CF77CD6F}.Debug|Any CPU.ActiveCfg = Debug|Any CPU
		{F93416DA-D6A3-4564-572D-3223CF77CD6F}.Debug|Any CPU.Build.0 = Debug|Any CPU
		{F93416DA-D6A3-4564-572D-3223CF77CD6F}.Release|Any CPU.ActiveCfg = Release|Any CPU
		{F93416DA-D6A3-4564-572D-3223CF77CD6F}.Release|Any CPU.Build.0 = Release|Any CPU
		{A4F3239E-C295-3625-F34A-1E46562FF689}.Debug|Any CPU.ActiveCfg = Debug|Any CPU
		{A4F3239E-C295-3625-F34A-1E46562FF689}.Debug|Any CPU.Build.0 = Debug|Any CPU
		{A4F3239E-C295-3625-F34A-1E46562FF689}.Release|Any CPU.ActiveCfg = Release|Any CPU
		{A4F3239E-C295-3625-F34A-1E46562FF689}.Release|Any CPU.Build.0 = Release|Any CPU
		{E0602DB3-71F0-8FA3-E258-BD4348DBA48D}.Debug|Any CPU.ActiveCfg = Debug|Any CPU
		{E0602DB3-71F0-8FA3-E258-BD4348DBA48D}.Debug|Any CPU.Build.0 = Debug|Any CPU
		{E0602DB3-71F0-8FA3-E258-BD4348DBA48D}.Release|Any CPU.ActiveCfg = Release|Any CPU
		{E0602DB3-71F0-8FA3-E258-BD4348DBA48D}.Release|Any CPU.Build.0 = Release|Any CPU
	EndGlobalSection
	GlobalSection(SolutionProperties) = preSolution
		HideSolutionNode = FALSE
	EndGlobalSection
EndGlobal
